
Microsoft Visual Studio Solution File, Format Version 11.00
# Visual Studio 2010
Project("{FAE04EC0-301F-11D3-BF4B-00C04F79EFBC}") = "Assembly-CSharp", "Assembly-CSharp.csproj", "{0119810E-443F-54BD-05A9-1E373CCB1C79}"
EndProject
Project("{FAE04EC0-301F-11D3-BF4B-00C04F79EFBC}") = "Assembly-CSharp-Editor", "Assembly-CSharp-Editor.csproj", "{DCE47908-AA68-FD35-9945-BF08343FEE09}"
EndProject
Global
	GlobalSection(SolutionConfigurationPlatforms) = preSolution
		Debug|Any CPU = Debug|Any CPU
		Release|Any CPU = Release|Any CPU
	EndGlobalSection
	GlobalSection(ProjectConfigurationPlatforms) = postSolution
		{0119810E-443F-54BD-05A9-1E373CCB1C79}.Debug|Any CPU.ActiveCfg = Debug|Any CPU
		{0119810E-443F-54BD-05A9-1E373CCB1C79}.Debug|Any CPU.Build.0 = Debug|Any CPU
		{0119810E-443F-54BD-05A9-1E373CCB1C79}.Release|Any CPU.ActiveCfg = Release|Any CPU
		{0119810E-443F-54BD-05A9-1E373CCB1C79}.Release|Any CPU.Build.0 = Release|Any CPU
		{DCE47908-AA68-FD35-9945-BF08343FEE09}.Debug|Any CPU.ActiveCfg = Debug|Any CPU
		{DCE47908-AA68-FD35-9945-BF08343FEE09}.Debug|Any CPU.Build.0 = Debug|Any CPU
		{DCE47908-AA68-FD35-9945-BF08343FEE09}.Release|Any CPU.ActiveCfg = Release|Any CPU
		{DCE47908-AA68-FD35-9945-BF08343FEE09}.Release|Any CPU.Build.0 = Release|Any CPU
	EndGlobalSection
	GlobalSection(SolutionProperties) = preSolution
		HideSolutionNode = FALSE
	EndGlobalSection
	GlobalSection(MonoDevelopProperties) = preSolution
		StartupItem = Assembly-CSharp.csproj
	EndGlobalSection
EndGlobal
